
Microsoft Visual Studio Solution File, Format Version 12.00
# Visual Studio Version 17
VisualStudioVersion = 17.14.36408.4 d17.14
MinimumVisualStudioVersion = 10.0.40219.1
Project("{54A90642-561A-4BB1-A94E-469ADEE60C69}") = "inventorymanagement.client", "inventorymanagement.client\inventorymanagement.client.esproj", "{82182FD6-F07C-FBAD-1ADB-13E94C0F3C23}"
EndProject
Project("{FAE04EC0-301F-11D3-BF4B-00C04F79EFBC}") = "InventoryManagement.Server", "InventoryManagement.Server\InventoryManagement.Server.csproj", "{ADD9C3CB-608A-41F2-A631-59ECBAFD8799}"
EndProject
Global
	GlobalSection(SolutionConfigurationPlatforms) = preSolution
		Debug|Any CPU = Debug|Any CPU
		Release|Any CPU = Release|Any CPU
	EndGlobalSection
	GlobalSection(ProjectConfigurationPlatforms) = postSolution
		{82182FD6-F07C-FBAD-1ADB-13E94C0F3C23}.Debug|Any CPU.ActiveCfg = Debug|Any CPU
		{82182FD6-F07C-FBAD-1ADB-13E94C0F3C23}.Debug|Any CPU.Build.0 = Debug|Any CPU
		{82182FD6-F07C-FBAD-1ADB-13E94C0F3C23}.Debug|Any CPU.Deploy.0 = Debug|Any CPU
		{82182FD6-F07C-FBAD-1ADB-13E94C0F3C23}.Release|Any CPU.ActiveCfg = Release|Any CPU
		{82182FD6-F07C-FBAD-1ADB-13E94C0F3C23}.Release|Any CPU.Build.0 = Release|Any CPU
		{82182FD6-F07C-FBAD-1ADB-13E94C0F3C23}.Release|Any CPU.Deploy.0 = Release|Any CPU
		{ADD9C3CB-608A-41F2-A631-59ECBAFD8799}.Debug|Any CPU.ActiveCfg = Debug|Any CPU
		{ADD9C3CB-608A-41F2-A631-59ECBAFD8799}.Debug|Any CPU.Build.0 = Debug|Any CPU
		{ADD9C3CB-608A-41F2-A631-59ECBAFD8799}.Release|Any CPU.ActiveCfg = Release|Any CPU
		{ADD9C3CB-608A-41F2-A631-59ECBAFD8799}.Release|Any CPU.Build.0 = Release|Any CPU
	EndGlobalSection
	GlobalSection(SolutionProperties) = preSolution
		HideSolutionNode = FALSE
	EndGlobalSection
	GlobalSection(ExtensibilityGlobals) = postSolution
		SolutionGuid = {95E77746-F11B-49A3-9A48-F3994C00DB57}
	EndGlobalSection
EndGlobal
